
Microsoft Visual Studio Solution File, Format Version 12.00
# Visual Studio Version 16
VisualStudioVersion = 16.0.32002.261
MinimumVisualStudioVersion = 10.0.40219.1
Project("{8BC9CEB8-8B4A-11D0-8D11-00A0C91BC942}") = "ecs", "ecs\ecs.vcxproj", "{D0C1FDF6-658B-4EBC-9F44-D4961F4DB118}"
EndProject
Project("{8BC9CEB8-8B4A-11D0-8D11-00A0C91BC942}") = "ecs-visualizer", "ecs-visualizer\ecs-visualizer.vcxproj", "{4BE25A10-F685-4FFB-BE91-FC151EFBEA6C}"
EndProject
Project("{8BC9CEB8-8B4A-11D0-8D11-00A0C91BC942}") = "ecs-vsix", "ecs-vsix\ecs-vsix.vcxproj", "{03B448BC-1753-406C-8347-975A5A80CDAD}"
EndProject
Global
	GlobalSection(SolutionConfigurationPlatforms) = preSolution
		Debug|x64 = Debug|x64
		Debug|x86 = Debug|x86
		Release|x64 = Release|x64
		Release|x86 = Release|x86
	EndGlobalSection
	GlobalSection(ProjectConfigurationPlatforms) = postSolution
		{D0C1FDF6-658B-4EBC-9F44-D4961F4DB118}.Debug|x64.ActiveCfg = Debug|x64
		{D0C1FDF6-658B-4EBC-9F44-D4961F4DB118}.Debug|x64.Build.0 = Debug|x64
		{D0C1FDF6-658B-4EBC-9F44-D4961F4DB118}.Debug|x86.ActiveCfg = Debug|Win32
		{D0C1FDF6-658B-4EBC-9F44-D4961F4DB118}.Debug|x86.Build.0 = Debug|Win32
		{D0C1FDF6-658B-4EBC-9F44-D4961F4DB118}.Release|x64.ActiveCfg = Release|x64
		{D0C1FDF6-658B-4EBC-9F44-D4961F4DB118}.Release|x64.Build.0 = Release|x64
		{D0C1FDF6-658B-4EBC-9F44-D4961F4DB118}.Release|x86.ActiveCfg = Release|Win32
		{D0C1FDF6-658B-4EBC-9F44-D4961F4DB118}.Release|x86.Build.0 = Release|Win32
		{4BE25A10-F685-4FFB-BE91-FC151EFBEA6C}.Debug|x64.ActiveCfg = Debug|x64
		{4BE25A10-F685-4FFB-BE91-FC151EFBEA6C}.Debug|x64.Build.0 = Debug|x64
		{4BE25A10-F685-4FFB-BE91-FC151EFBEA6C}.Debug|x86.ActiveCfg = Debug|Win32
		{4BE25A10-F685-4FFB-BE91-FC151EFBEA6C}.Debug|x86.Build.0 = Debug|Win32
		{4BE25A10-F685-4FFB-BE91-FC151EFBEA6C}.Release|x64.ActiveCfg = Release|x64
		{4BE25A10-F685-4FFB-BE91-FC151EFBEA6C}.Release|x64.Build.0 = Release|x64
		{4BE25A10-F685-4FFB-BE91-FC151EFBEA6C}.Release|x86.ActiveCfg = Release|Win32
		{4BE25A10-F685-4FFB-BE91-FC151EFBEA6C}.Release|x86.Build.0 = Release|Win32
		{03B448BC-1753-406C-8347-975A5A80CDAD}.Debug|x64.ActiveCfg = Debug|x64
		{03B448BC-1753-406C-8347-975A5A80CDAD}.Debug|x64.Build.0 = Debug|x64
		{03B448BC-1753-406C-8347-975A5A80CDAD}.Debug|x86.ActiveCfg = Debug|Win32
		{03B448BC-1753-406C-8347-975A5A80CDAD}.Debug|x86.Build.0 = Debug|Win32
		{03B448BC-1753-406C-8347-975A5A80CDAD}.Release|x64.ActiveCfg = Release|x64
		{03B448BC-1753-406C-8347-975A5A80CDAD}.Release|x64.Build.0 = Release|x64
		{03B448BC-1753-406C-8347-975A5A80CDAD}.Release|x86.ActiveCfg = Release|Win32
		{03B448BC-1753-406C-8347-975A5A80CDAD}.Release|x86.Build.0 = Release|Win32
	EndGlobalSection
	GlobalSection(SolutionProperties) = preSolution
		HideSolutionNode = FALSE
	EndGlobalSection
	GlobalSection(ExtensibilityGlobals) = postSolution
		SolutionGuid = {1DDAE488-EA06-4A66-A2E5-4C328C5AA6E7}
	EndGlobalSection
EndGlobal
